
Microsoft Visual Studio Solution File, Format Version 12.00
# Visual Studio Version 17
VisualStudioVersion = 17.8.34330.188
MinimumVisualStudioVersion = 10.0.40219.1
Project("{9A19103F-16F7-4668-BE54-9A1E7A4F7556}") = "IdentityAPI", "IdentityAPI\IdentityAPI.csproj", "{24A8F3C4-BB1E-4CE1-B275-6C536B427B20}"
EndProject
Project("{9A19103F-16F7-4668-BE54-9A1E7A4F7556}") = "PostAPI", "PostAPI\PostAPI.csproj", "{4C25922A-7B87-4D3C-BBB1-1A5BDCAF35E8}"
EndProject
Project("{9A19103F-16F7-4668-BE54-9A1E7A4F7556}") = "PeopleAPI", "PeopleAPI\PeopleAPI.csproj", "{1F7F7527-5F08-48FF-81EF-7043DB92168C}"
EndProject
Project("{FAE04EC0-301F-11D3-BF4B-00C04F79EFBC}") = "SharedModels", "SharedModels\SharedModels.csproj", "{41C5AEAD-ACD5-4164-9843-E1904918740E}"
EndProject
Global
	GlobalSection(SolutionConfigurationPlatforms) = preSolution
		Debug|Any CPU = Debug|Any CPU
		Release|Any CPU = Release|Any CPU
	EndGlobalSection
	GlobalSection(ProjectConfigurationPlatforms) = postSolution
		{24A8F3C4-BB1E-4CE1-B275-6C536B427B20}.Debug|Any CPU.ActiveCfg = Debug|Any CPU
		{24A8F3C4-BB1E-4CE1-B275-6C536B427B20}.Debug|Any CPU.Build.0 = Debug|Any CPU
		{24A8F3C4-BB1E-4CE1-B275-6C536B427B20}.Release|Any CPU.ActiveCfg = Release|Any CPU
		{24A8F3C4-BB1E-4CE1-B275-6C536B427B20}.Release|Any CPU.Build.0 = Release|Any CPU
		{4C25922A-7B87-4D3C-BBB1-1A5BDCAF35E8}.Debug|Any CPU.ActiveCfg = Debug|Any CPU
		{4C25922A-7B87-4D3C-BBB1-1A5BDCAF35E8}.Debug|Any CPU.Build.0 = Debug|Any CPU
		{4C25922A-7B87-4D3C-BBB1-1A5BDCAF35E8}.Release|Any CPU.ActiveCfg = Release|Any CPU
		{4C25922A-7B87-4D3C-BBB1-1A5BDCAF35E8}.Release|Any CPU.Build.0 = Release|Any CPU
		{1F7F7527-5F08-48FF-81EF-7043DB92168C}.Debug|Any CPU.ActiveCfg = Debug|Any CPU
		{1F7F7527-5F08-48FF-81EF-7043DB92168C}.Debug|Any CPU.Build.0 = Debug|Any CPU
		{1F7F7527-5F08-48FF-81EF-7043DB92168C}.Release|Any CPU.ActiveCfg = Release|Any CPU
		{1F7F7527-5F08-48FF-81EF-7043DB92168C}.Release|Any CPU.Build.0 = Release|Any CPU
		{41C5AEAD-ACD5-4164-9843-E1904918740E}.Debug|Any CPU.ActiveCfg = Debug|Any CPU
		{41C5AEAD-ACD5-4164-9843-E1904918740E}.Debug|Any CPU.Build.0 = Debug|Any CPU
		{41C5AEAD-ACD5-4164-9843-E1904918740E}.Release|Any CPU.ActiveCfg = Release|Any CPU
		{41C5AEAD-ACD5-4164-9843-E1904918740E}.Release|Any CPU.Build.0 = Release|Any CPU
	EndGlobalSection
	GlobalSection(SolutionProperties) = preSolution
		HideSolutionNode = FALSE
	EndGlobalSection
	GlobalSection(ExtensibilityGlobals) = postSolution
		SolutionGuid = {B85DB2D2-1F68-427E-A428-68CED7B8A1FC}
	EndGlobalSection
EndGlobal
